
Microsoft Visual Studio Solution File, Format Version 12.00
# Visual Studio Version 16
VisualStudioVersion = 16.0.30128.74
MinimumVisualStudioVersion = 10.0.40219.1
Project("{9A19103F-16F7-4668-BE54-9A1E7A4F7556}") = "EmpSelf.Core", "EmpSelf.Core\EmpSelf.Core.csproj", "{FEAA5AB0-D1E3-40BC-83EE-4FA2D68CFAC4}"
EndProject
Project("{9A19103F-16F7-4668-BE54-9A1E7A4F7556}") = "EmpSelf.Shared", "EmpSelf.Shared\EmpSelf.Shared.csproj", "{82958F9E-0F49-4DB5-983B-D6E8239A3693}"
EndProject
Project("{9A19103F-16F7-4668-BE54-9A1E7A4F7556}") = "EmpSelf.Application", "EmpSelf.Application\EmpSelf.Application.csproj", "{93944126-FAE3-4CF5-BA34-F7D6A55279F3}"
EndProject
Project("{FAE04EC0-301F-11D3-BF4B-00C04F79EFBC}") = "EmpSelf.ApiCall", "EmpSelf.ApiCall\EmpSelf.ApiCall.csproj", "{06E1447F-426A-49F8-B9C6-86098BD6F197}"
EndProject
Global
	GlobalSection(SolutionConfigurationPlatforms) = preSolution
		Debug|Any CPU = Debug|Any CPU
		Release|Any CPU = Release|Any CPU
	EndGlobalSection
	GlobalSection(ProjectConfigurationPlatforms) = postSolution
		{FEAA5AB0-D1E3-40BC-83EE-4FA2D68CFAC4}.Debug|Any CPU.ActiveCfg = Debug|Any CPU
		{FEAA5AB0-D1E3-40BC-83EE-4FA2D68CFAC4}.Debug|Any CPU.Build.0 = Debug|Any CPU
		{FEAA5AB0-D1E3-40BC-83EE-4FA2D68CFAC4}.Release|Any CPU.ActiveCfg = Release|Any CPU
		{FEAA5AB0-D1E3-40BC-83EE-4FA2D68CFAC4}.Release|Any CPU.Build.0 = Release|Any CPU
		{82958F9E-0F49-4DB5-983B-D6E8239A3693}.Debug|Any CPU.ActiveCfg = Debug|Any CPU
		{82958F9E-0F49-4DB5-983B-D6E8239A3693}.Debug|Any CPU.Build.0 = Debug|Any CPU
		{82958F9E-0F49-4DB5-983B-D6E8239A3693}.Release|Any CPU.ActiveCfg = Release|Any CPU
		{82958F9E-0F49-4DB5-983B-D6E8239A3693}.Release|Any CPU.Build.0 = Release|Any CPU
		{93944126-FAE3-4CF5-BA34-F7D6A55279F3}.Debug|Any CPU.ActiveCfg = Debug|Any CPU
		{93944126-FAE3-4CF5-BA34-F7D6A55279F3}.Debug|Any CPU.Build.0 = Debug|Any CPU
		{93944126-FAE3-4CF5-BA34-F7D6A55279F3}.Release|Any CPU.ActiveCfg = Release|Any CPU
		{93944126-FAE3-4CF5-BA34-F7D6A55279F3}.Release|Any CPU.Build.0 = Release|Any CPU
		{06E1447F-426A-49F8-B9C6-86098BD6F197}.Debug|Any CPU.ActiveCfg = Debug|Any CPU
		{06E1447F-426A-49F8-B9C6-86098BD6F197}.Debug|Any CPU.Build.0 = Debug|Any CPU
		{06E1447F-426A-49F8-B9C6-86098BD6F197}.Release|Any CPU.ActiveCfg = Release|Any CPU
		{06E1447F-426A-49F8-B9C6-86098BD6F197}.Release|Any CPU.Build.0 = Release|Any CPU
	EndGlobalSection
	GlobalSection(SolutionProperties) = preSolution
		HideSolutionNode = FALSE
	EndGlobalSection
	GlobalSection(ExtensibilityGlobals) = postSolution
		SolutionGuid = {0FAF8A25-A5C4-4742-9110-776C8017B33D}
	EndGlobalSection
EndGlobal
